
Microsoft Visual Studio Solution File, Format Version 12.00
# Visual Studio Version 17
VisualStudioVersion = 17.13.35919.96 d17.13
MinimumVisualStudioVersion = 10.0.40219.1
Project("{8BC9CEB8-8B4A-11D0-8D11-00A0C91BC942}") = "BigBaseV2", "BigBaseV2.vcxproj", "{BAF9F07A-2664-A5F1-6FA2-5697DB4B8346}"
EndProject
Global
	GlobalSection(SolutionConfigurationPlatforms) = preSolution
		Release|x64 = Release|x64
	EndGlobalSection
	GlobalSection(ProjectConfigurationPlatforms) = postSolution
		{BAF9F07A-2664-A5F1-6FA2-5697DB4B8346}.Release|x64.ActiveCfg = Release|x64
		{BAF9F07A-2664-A5F1-6FA2-5697DB4B8346}.Release|x64.Build.0 = Release|x64
	EndGlobalSection
	GlobalSection(SolutionProperties) = preSolution
		HideSolutionNode = FALSE
	EndGlobalSection
	GlobalSection(ExtensibilityGlobals) = postSolution
		SolutionGuid = {FAD08232-D076-45C9-99DE-B0543EE5701D}
	EndGlobalSection
EndGlobal
